
Microsoft Visual Studio Solution File, Format Version 11.00
# Visual Studio 2010
Project("{FAE04EC0-301F-11D3-BF4B-00C04F79EFBC}") = "Catching Zs final", "Assembly-CSharp-firstpass.csproj", "{91F4787E-D68E-5906-7503-D21519476BD4}"
EndProject
Project("{FAE04EC0-301F-11D3-BF4B-00C04F79EFBC}") = "Catching Zs final", "Assembly-CSharp.csproj", "{F7621387-806A-6ADE-1D4F-1F4E12BACC5F}"
EndProject
Project("{FAE04EC0-301F-11D3-BF4B-00C04F79EFBC}") = "Catching Zs final", "Assembly-CSharp-Editor-firstpass.csproj", "{64E94E0F-B907-201D-55D1-3C2042027AC6}"
EndProject
Global
	GlobalSection(SolutionConfigurationPlatforms) = preSolution
		Debug|Any CPU = Debug|Any CPU
		Release|Any CPU = Release|Any CPU
	EndGlobalSection
	GlobalSection(ProjectConfigurationPlatforms) = postSolution
		{91F4787E-D68E-5906-7503-D21519476BD4}.Debug|Any CPU.ActiveCfg = Debug|Any CPU
		{91F4787E-D68E-5906-7503-D21519476BD4}.Debug|Any CPU.Build.0 = Debug|Any CPU
		{91F4787E-D68E-5906-7503-D21519476BD4}.Release|Any CPU.ActiveCfg = Release|Any CPU
		{91F4787E-D68E-5906-7503-D21519476BD4}.Release|Any CPU.Build.0 = Release|Any CPU
		{F7621387-806A-6ADE-1D4F-1F4E12BACC5F}.Debug|Any CPU.ActiveCfg = Debug|Any CPU
		{F7621387-806A-6ADE-1D4F-1F4E12BACC5F}.Debug|Any CPU.Build.0 = Debug|Any CPU
		{F7621387-806A-6ADE-1D4F-1F4E12BACC5F}.Release|Any CPU.ActiveCfg = Release|Any CPU
		{F7621387-806A-6ADE-1D4F-1F4E12BACC5F}.Release|Any CPU.Build.0 = Release|Any CPU
		{64E94E0F-B907-201D-55D1-3C2042027AC6}.Debug|Any CPU.ActiveCfg = Debug|Any CPU
		{64E94E0F-B907-201D-55D1-3C2042027AC6}.Debug|Any CPU.Build.0 = Debug|Any CPU
		{64E94E0F-B907-201D-55D1-3C2042027AC6}.Release|Any CPU.ActiveCfg = Release|Any CPU
		{64E94E0F-B907-201D-55D1-3C2042027AC6}.Release|Any CPU.Build.0 = Release|Any CPU
	EndGlobalSection
	GlobalSection(SolutionProperties) = preSolution
		HideSolutionNode = FALSE
	EndGlobalSection
	GlobalSection(MonoDevelopProperties) = preSolution
		StartupItem = Assembly-CSharp.csproj
	EndGlobalSection
EndGlobal
